
Microsoft Visual Studio Solution File, Format Version 12.00
# Visual Studio 15
VisualStudioVersion = 15.0.27703.2026
MinimumVisualStudioVersion = 10.0.40219.1
Project("{9A19103F-16F7-4668-BE54-9A1E7A4F7556}") = "RedisLua", "RedisLuaTest\RedisLua.csproj", "{5DCD3223-B769-4AF7-B405-0C2BF70D3689}"
EndProject
Project("{9A19103F-16F7-4668-BE54-9A1E7A4F7556}") = "RedisLuaUnitTests", "XUnitTestProject1\RedisLuaUnitTests.csproj", "{5C3EE33F-364B-4678-B185-7E02038C858C}"
EndProject
Global
	GlobalSection(SolutionConfigurationPlatforms) = preSolution
		Debug|Any CPU = Debug|Any CPU
		Release|Any CPU = Release|Any CPU
	EndGlobalSection
	GlobalSection(ProjectConfigurationPlatforms) = postSolution
		{5DCD3223-B769-4AF7-B405-0C2BF70D3689}.Debug|Any CPU.ActiveCfg = Debug|Any CPU
		{5DCD3223-B769-4AF7-B405-0C2BF70D3689}.Debug|Any CPU.Build.0 = Debug|Any CPU
		{5DCD3223-B769-4AF7-B405-0C2BF70D3689}.Release|Any CPU.ActiveCfg = Release|Any CPU
		{5DCD3223-B769-4AF7-B405-0C2BF70D3689}.Release|Any CPU.Build.0 = Release|Any CPU
		{5C3EE33F-364B-4678-B185-7E02038C858C}.Debug|Any CPU.ActiveCfg = Debug|Any CPU
		{5C3EE33F-364B-4678-B185-7E02038C858C}.Debug|Any CPU.Build.0 = Debug|Any CPU
		{5C3EE33F-364B-4678-B185-7E02038C858C}.Release|Any CPU.ActiveCfg = Release|Any CPU
		{5C3EE33F-364B-4678-B185-7E02038C858C}.Release|Any CPU.Build.0 = Release|Any CPU
	EndGlobalSection
	GlobalSection(SolutionProperties) = preSolution
		HideSolutionNode = FALSE
	EndGlobalSection
	GlobalSection(ExtensibilityGlobals) = postSolution
		SolutionGuid = {CFB71A14-0D9B-463E-BD8E-03F7D80E5C42}
	EndGlobalSection
EndGlobal
